
Microsoft Visual Studio Solution File, Format Version 12.00
# Visual Studio Version 16
VisualStudioVersion = 16.0.30225.117
MinimumVisualStudioVersion = 10.0.40219.1
Project("{9A19103F-16F7-4668-BE54-9A1E7A4F7556}") = "HashChecker", "HashChecker\HashChecker.csproj", "{F937A976-4808-4108-B333-CC875B8AA529}"
EndProject
Project("{FAE04EC0-301F-11D3-BF4B-00C04F79EFBC}") = "HashesLibrary", "HashesLibrary\HashesLibrary.csproj", "{C9F2F68E-B50D-466F-A0BC-B2AEAB68B2E1}"
EndProject
Global
	GlobalSection(SolutionConfigurationPlatforms) = preSolution
		Debug|Any CPU = Debug|Any CPU
		Release|Any CPU = Release|Any CPU
	EndGlobalSection
	GlobalSection(ProjectConfigurationPlatforms) = postSolution
		{F937A976-4808-4108-B333-CC875B8AA529}.Debug|Any CPU.ActiveCfg = Debug|Any CPU
		{F937A976-4808-4108-B333-CC875B8AA529}.Debug|Any CPU.Build.0 = Debug|Any CPU
		{F937A976-4808-4108-B333-CC875B8AA529}.Release|Any CPU.ActiveCfg = Release|Any CPU
		{F937A976-4808-4108-B333-CC875B8AA529}.Release|Any CPU.Build.0 = Release|Any CPU
		{C9F2F68E-B50D-466F-A0BC-B2AEAB68B2E1}.Debug|Any CPU.ActiveCfg = Debug|Any CPU
		{C9F2F68E-B50D-466F-A0BC-B2AEAB68B2E1}.Debug|Any CPU.Build.0 = Debug|Any CPU
		{C9F2F68E-B50D-466F-A0BC-B2AEAB68B2E1}.Release|Any CPU.ActiveCfg = Release|Any CPU
		{C9F2F68E-B50D-466F-A0BC-B2AEAB68B2E1}.Release|Any CPU.Build.0 = Release|Any CPU
	EndGlobalSection
	GlobalSection(SolutionProperties) = preSolution
		HideSolutionNode = FALSE
	EndGlobalSection
	GlobalSection(ExtensibilityGlobals) = postSolution
		SolutionGuid = {EF326CA4-ED3A-4E22-ABB6-076C9EF0C48E}
	EndGlobalSection
EndGlobal
